
Microsoft Visual Studio Solution File, Format Version 12.00
# Visual Studio Version 17
VisualStudioVersion = 17.9.34728.123
MinimumVisualStudioVersion = 10.0.40219.1
Project("{FAE04EC0-301F-11D3-BF4B-00C04F79EFBC}") = "ISNP151323_Unidad3", "ISNP151323_Unidad3\ISNP151323_Unidad3.csproj", "{1AF2E338-10BF-42CA-B1F1-D9A797C01B93}"
EndProject
Global
	GlobalSection(SolutionConfigurationPlatforms) = preSolution
		Debug|Any CPU = Debug|Any CPU
		Release|Any CPU = Release|Any CPU
	EndGlobalSection
	GlobalSection(ProjectConfigurationPlatforms) = postSolution
		{1AF2E338-10BF-42CA-B1F1-D9A797C01B93}.Debug|Any CPU.ActiveCfg = Debug|Any CPU
		{1AF2E338-10BF-42CA-B1F1-D9A797C01B93}.Debug|Any CPU.Build.0 = Debug|Any CPU
		{1AF2E338-10BF-42CA-B1F1-D9A797C01B93}.Release|Any CPU.ActiveCfg = Release|Any CPU
		{1AF2E338-10BF-42CA-B1F1-D9A797C01B93}.Release|Any CPU.Build.0 = Release|Any CPU
	EndGlobalSection
	GlobalSection(SolutionProperties) = preSolution
		HideSolutionNode = FALSE
	EndGlobalSection
	GlobalSection(ExtensibilityGlobals) = postSolution
		SolutionGuid = {BB0B6239-7D55-4B07-A0D9-86B4347A06D4}
	EndGlobalSection
EndGlobal
